
Microsoft Visual Studio Solution File, Format Version 11.00
# Visual Studio 2010
Project("{FAE04EC0-301F-11D3-BF4B-00C04F79EFBC}") = "Cinemachine", "Cinemachine.csproj", "{a9600340-e329-ad32-3134-76fdcb944f88}"
EndProject
Project("{FAE04EC0-301F-11D3-BF4B-00C04F79EFBC}") = "Assembly-CSharp", "Assembly-CSharp.csproj", "{0aa10955-785e-1d06-9270-445da8684627}"
EndProject
Project("{FAE04EC0-301F-11D3-BF4B-00C04F79EFBC}") = "com.unity.cinemachine.editor", "com.unity.cinemachine.editor.csproj", "{38caa358-7f73-148b-945e-6005095e3fe9}"
EndProject
Project("{FAE04EC0-301F-11D3-BF4B-00C04F79EFBC}") = "Assembly-CSharp-Editor", "Assembly-CSharp-Editor.csproj", "{190206cc-ff5a-2541-bc53-6de503bc415b}"
EndProject
Project("{FAE04EC0-301F-11D3-BF4B-00C04F79EFBC}") = "com.unity.cinemachine.Tests", "com.unity.cinemachine.Tests.csproj", "{74749ab7-655e-77cf-67f8-2e897a2cccb6}"
EndProject
Project("{FAE04EC0-301F-11D3-BF4B-00C04F79EFBC}") = "com.unity.cinemachine.EditorTests", "com.unity.cinemachine.EditorTests.csproj", "{867367e5-9717-c923-bf99-3b56fb71456d}"
EndProject
Global
	GlobalSection(SolutionConfigurationPlatforms) = preSolution
		Debug|Any CPU = Debug|Any CPU
	EndGlobalSection
	GlobalSection(ProjectConfigurationPlatforms) = postSolution
		{a9600340-e329-ad32-3134-76fdcb944f88}.Debug|Any CPU.ActiveCfg = Debug|Any CPU
		{a9600340-e329-ad32-3134-76fdcb944f88}.Debug|Any CPU.Build.0 = Debug|Any CPU
		{0aa10955-785e-1d06-9270-445da8684627}.Debug|Any CPU.ActiveCfg = Debug|Any CPU
		{0aa10955-785e-1d06-9270-445da8684627}.Debug|Any CPU.Build.0 = Debug|Any CPU
		{38caa358-7f73-148b-945e-6005095e3fe9}.Debug|Any CPU.ActiveCfg = Debug|Any CPU
		{38caa358-7f73-148b-945e-6005095e3fe9}.Debug|Any CPU.Build.0 = Debug|Any CPU
		{190206cc-ff5a-2541-bc53-6de503bc415b}.Debug|Any CPU.ActiveCfg = Debug|Any CPU
		{190206cc-ff5a-2541-bc53-6de503bc415b}.Debug|Any CPU.Build.0 = Debug|Any CPU
		{74749ab7-655e-77cf-67f8-2e897a2cccb6}.Debug|Any CPU.ActiveCfg = Debug|Any CPU
		{74749ab7-655e-77cf-67f8-2e897a2cccb6}.Debug|Any CPU.Build.0 = Debug|Any CPU
		{867367e5-9717-c923-bf99-3b56fb71456d}.Debug|Any CPU.ActiveCfg = Debug|Any CPU
		{867367e5-9717-c923-bf99-3b56fb71456d}.Debug|Any CPU.Build.0 = Debug|Any CPU
	EndGlobalSection
	GlobalSection(SolutionProperties) = preSolution
		HideSolutionNode = FALSE
	EndGlobalSection
EndGlobal
